
Microsoft Visual Studio Solution File, Format Version 12.00
# Visual Studio 15
VisualStudioVersion = 15.0.28010.2048
MinimumVisualStudioVersion = 10.0.40219.1
Project("{FAE04EC0-301F-11D3-BF4B-00C04F79EFBC}") = "SalesManagementSoftware", "SalesManagementSoftware\SalesManagementSoftware.csproj", "{74257B5D-7120-429F-A311-524FCEE9817B}"
EndProject
Global
	GlobalSection(SolutionConfigurationPlatforms) = preSolution
		Debug|Any CPU = Debug|Any CPU
		Release|Any CPU = Release|Any CPU
	EndGlobalSection
	GlobalSection(ProjectConfigurationPlatforms) = postSolution
		{74257B5D-7120-429F-A311-524FCEE9817B}.Debug|Any CPU.ActiveCfg = Debug|Any CPU
		{74257B5D-7120-429F-A311-524FCEE9817B}.Debug|Any CPU.Build.0 = Debug|Any CPU
		{74257B5D-7120-429F-A311-524FCEE9817B}.Release|Any CPU.ActiveCfg = Release|Any CPU
		{74257B5D-7120-429F-A311-524FCEE9817B}.Release|Any CPU.Build.0 = Release|Any CPU
	EndGlobalSection
	GlobalSection(SolutionProperties) = preSolution
		HideSolutionNode = FALSE
	EndGlobalSection
	GlobalSection(ExtensibilityGlobals) = postSolution
		SolutionGuid = {C4CCDC35-3EB3-428E-811B-A4AE099DA3B0}
	EndGlobalSection
EndGlobal
